
Microsoft Visual Studio Solution File, Format Version 12.00
# Visual Studio Version 17
VisualStudioVersion = 17.2.32602.215
MinimumVisualStudioVersion = 10.0.40219.1
Project("{9A19103F-16F7-4668-BE54-9A1E7A4F7556}") = "CA.Api", "src\CA.Api\CA.Api.csproj", "{416DF579-6917-4C8F-913E-EFF397A3A726}"
EndProject
Project("{9A19103F-16F7-4668-BE54-9A1E7A4F7556}") = "CA.Aplicacao", "src\CA.Aplicacao\CA.Aplicacao.csproj", "{36DF8D48-999B-42F8-9D9F-B085C748E8E5}"
EndProject
Project("{9A19103F-16F7-4668-BE54-9A1E7A4F7556}") = "CA.Repositorios.Tfs", "src\CA.Repositorio.Tfs\CA.Repositorios.Tfs.csproj", "{88867AE7-3805-42A8-A231-0127EB16DFE7}"
EndProject
Project("{9A19103F-16F7-4668-BE54-9A1E7A4F7556}") = "CA.Core", "src\CA.Core\CA.Core.csproj", "{20AD7648-AEE9-4FE1-BC0C-A5BCE6757C9C}"
EndProject
Project("{9A19103F-16F7-4668-BE54-9A1E7A4F7556}") = "CA.Repositorios.Ponto", "src\CA.Repositorio.Ponto\CA.Repositorios.Ponto.csproj", "{28A3F62C-62E7-4E48-8E81-AD7F312FE1FC}"
EndProject
Project("{9A19103F-16F7-4668-BE54-9A1E7A4F7556}") = "CA.Container.IoC", "src\CA.Container.IoC\CA.Container.IoC.csproj", "{E9C3DF5D-F1D9-48A2-8074-9C8BCE1741AA}"
EndProject
Project("{9A19103F-16F7-4668-BE54-9A1E7A4F7556}") = "CA.Seguranca", "src\CA.Seguranca\CA.Seguranca.csproj", "{68AB5CB3-F645-4537-948A-A5DFB6F9EB41}"
EndProject
Project("{9A19103F-16F7-4668-BE54-9A1E7A4F7556}") = "CA.Polly", "src\CA.Polly\CA.Polly.csproj", "{3E1EABF3-14C4-47BA-96BD-72CA6958869D}"
EndProject
Project("{2150E333-8FDC-42A3-9474-1A3956D46DE8}") = "2 - Servico", "2 - Servico", "{F5F11F82-F034-4F71-B955-BD7C555E8DAE}"
EndProject
Project("{2150E333-8FDC-42A3-9474-1A3956D46DE8}") = "3 - Aplicação", "3 - Aplicação", "{F44F3737-C3A4-4E51-A055-251AC6DA94A8}"
EndProject
Project("{2150E333-8FDC-42A3-9474-1A3956D46DE8}") = "6 - Infraestrutura", "6 - Infraestrutura", "{B992874F-8A71-46A8-AA41-40FB3E65F1A3}"
EndProject
Project("{2150E333-8FDC-42A3-9474-1A3956D46DE8}") = "5 - CrossCutting", "5 - CrossCutting", "{83825A92-E011-4E9F-B056-FA9D4664F138}"
EndProject
Project("{2150E333-8FDC-42A3-9474-1A3956D46DE8}") = "4 - Core", "4 - Core", "{A09E93BD-BD45-4CA3-BB5C-7B45CF51AEB9}"
EndProject
Project("{2150E333-8FDC-42A3-9474-1A3956D46DE8}") = "Solution Items", "Solution Items", "{77E01D06-CF07-4736-BA84-AE87326AF211}"
	ProjectSection(SolutionItems) = preProject
		.editorconfig = .editorconfig
	EndProjectSection
EndProject
Project("{9A19103F-16F7-4668-BE54-9A1E7A4F7556}") = "CA.FlurlSoap", "src\CA.FlurlSoap\CA.FlurlSoap.csproj", "{9D999B7B-614C-4898-93CD-B4D544B187C4}"
EndProject
Project("{2150E333-8FDC-42A3-9474-1A3956D46DE8}") = "7 - Util", "7 - Util", "{181856E9-D72C-49FC-9A6F-80FB65064AE2}"
EndProject
Project("{9A19103F-16F7-4668-BE54-9A1E7A4F7556}") = "CA.Util", "src\CA.Util\CA.Util.csproj", "{17E7F48B-9545-4291-BD45-52D6C47DDDD9}"
EndProject
Project("{9A19103F-16F7-4668-BE54-9A1E7A4F7556}") = "CA.Repositorios.Channel", "src\CA.Repositorios.Channel\CA.Repositorios.Channel.csproj", "{35CDC179-7383-44F8-AAF7-FC259ACC48BB}"
EndProject
Project("{9A19103F-16F7-4668-BE54-9A1E7A4F7556}") = "CA.Servicos.Channel", "src\CA.Servicos.Channel\CA.Servicos.Channel.csproj", "{8C7695ED-2B29-4618-A186-36A8F8CC90A9}"
EndProject
Project("{2150E333-8FDC-42A3-9474-1A3956D46DE8}") = "1 - Jobs", "1 - Jobs", "{C01A446E-C44B-4A16-B6D0-8020C187645B}"
EndProject
Project("{9A19103F-16F7-4668-BE54-9A1E7A4F7556}") = "CA.Jobs.Channel", "src\CA.Jobs\CA.Jobs.Channel.csproj", "{E7FFA5BA-099D-474A-AE25-DB4F96F7437C}"
EndProject
Project("{2150E333-8FDC-42A3-9474-1A3956D46DE8}") = "6.1 - Repositorios", "6.1 - Repositorios", "{FBAA012C-0B2C-4305-9196-47A1B26598B0}"
EndProject
Project("{2150E333-8FDC-42A3-9474-1A3956D46DE8}") = "6.2 - Servicos", "6.2 - Servicos", "{4CEDAA3B-D3AE-4FEA-9786-991417DF91F3}"
EndProject
Project("{2150E333-8FDC-42A3-9474-1A3956D46DE8}") = "6.3 - Jobs", "6.3 - Jobs", "{F3DDC749-4B99-4F3E-8565-D7E84F9C7C0C}"
EndProject
Project("{9A19103F-16F7-4668-BE54-9A1E7A4F7556}") = "CA.Servicos.Secullum", "src\CA.Servicos.Ponto\CA.Servicos.Secullum.csproj", "{7A0040D2-0ED7-40AA-A458-F5A9F01BFCD5}"
EndProject
Project("{9A19103F-16F7-4668-BE54-9A1E7A4F7556}") = "CA.Servicos.Tfs", "src\CA.Servicos.Tfs\CA.Servicos.Tfs.csproj", "{9715534E-F952-4696-A097-A3DED0666E3F}"
EndProject
Project("{9A19103F-16F7-4668-BE54-9A1E7A4F7556}") = "CA.Jobs.ConsoleApp", "src\CA.Jobs.ConsoleApp\CA.Jobs.ConsoleApp.csproj", "{7467F17F-A835-4AFD-B779-F32BD90C2625}"
EndProject
Global
	GlobalSection(SolutionConfigurationPlatforms) = preSolution
		Debug|Any CPU = Debug|Any CPU
		Release|Any CPU = Release|Any CPU
	EndGlobalSection
	GlobalSection(ProjectConfigurationPlatforms) = postSolution
		{416DF579-6917-4C8F-913E-EFF397A3A726}.Debug|Any CPU.ActiveCfg = Debug|Any CPU
		{416DF579-6917-4C8F-913E-EFF397A3A726}.Debug|Any CPU.Build.0 = Debug|Any CPU
		{416DF579-6917-4C8F-913E-EFF397A3A726}.Release|Any CPU.ActiveCfg = Release|Any CPU
		{416DF579-6917-4C8F-913E-EFF397A3A726}.Release|Any CPU.Build.0 = Release|Any CPU
		{36DF8D48-999B-42F8-9D9F-B085C748E8E5}.Debug|Any CPU.ActiveCfg = Debug|Any CPU
		{36DF8D48-999B-42F8-9D9F-B085C748E8E5}.Debug|Any CPU.Build.0 = Debug|Any CPU
		{36DF8D48-999B-42F8-9D9F-B085C748E8E5}.Release|Any CPU.ActiveCfg = Release|Any CPU
		{36DF8D48-999B-42F8-9D9F-B085C748E8E5}.Release|Any CPU.Build.0 = Release|Any CPU
		{88867AE7-3805-42A8-A231-0127EB16DFE7}.Debug|Any CPU.ActiveCfg = Debug|Any CPU
		{88867AE7-3805-42A8-A231-0127EB16DFE7}.Debug|Any CPU.Build.0 = Debug|Any CPU
		{88867AE7-3805-42A8-A231-0127EB16DFE7}.Release|Any CPU.ActiveCfg = Release|Any CPU
		{88867AE7-3805-42A8-A231-0127EB16DFE7}.Release|Any CPU.Build.0 = Release|Any CPU
		{20AD7648-AEE9-4FE1-BC0C-A5BCE6757C9C}.Debug|Any CPU.ActiveCfg = Debug|Any CPU
		{20AD7648-AEE9-4FE1-BC0C-A5BCE6757C9C}.Debug|Any CPU.Build.0 = Debug|Any CPU
		{20AD7648-AEE9-4FE1-BC0C-A5BCE6757C9C}.Release|Any CPU.ActiveCfg = Release|Any CPU
		{20AD7648-AEE9-4FE1-BC0C-A5BCE6757C9C}.Release|Any CPU.Build.0 = Release|Any CPU
		{28A3F62C-62E7-4E48-8E81-AD7F312FE1FC}.Debug|Any CPU.ActiveCfg = Debug|Any CPU
		{28A3F62C-62E7-4E48-8E81-AD7F312FE1FC}.Debug|Any CPU.Build.0 = Debug|Any CPU
		{28A3F62C-62E7-4E48-8E81-AD7F312FE1FC}.Release|Any CPU.ActiveCfg = Release|Any CPU
		{28A3F62C-62E7-4E48-8E81-AD7F312FE1FC}.Release|Any CPU.Build.0 = Release|Any CPU
		{E9C3DF5D-F1D9-48A2-8074-9C8BCE1741AA}.Debug|Any CPU.ActiveCfg = Debug|Any CPU
		{E9C3DF5D-F1D9-48A2-8074-9C8BCE1741AA}.Debug|Any CPU.Build.0 = Debug|Any CPU
		{E9C3DF5D-F1D9-48A2-8074-9C8BCE1741AA}.Release|Any CPU.ActiveCfg = Release|Any CPU
		{E9C3DF5D-F1D9-48A2-8074-9C8BCE1741AA}.Release|Any CPU.Build.0 = Release|Any CPU
		{68AB5CB3-F645-4537-948A-A5DFB6F9EB41}.Debug|Any CPU.ActiveCfg = Debug|Any CPU
		{68AB5CB3-F645-4537-948A-A5DFB6F9EB41}.Debug|Any CPU.Build.0 = Debug|Any CPU
		{68AB5CB3-F645-4537-948A-A5DFB6F9EB41}.Release|Any CPU.ActiveCfg = Release|Any CPU
		{68AB5CB3-F645-4537-948A-A5DFB6F9EB41}.Release|Any CPU.Build.0 = Release|Any CPU
		{3E1EABF3-14C4-47BA-96BD-72CA6958869D}.Debug|Any CPU.ActiveCfg = Debug|Any CPU
		{3E1EABF3-14C4-47BA-96BD-72CA6958869D}.Debug|Any CPU.Build.0 = Debug|Any CPU
		{3E1EABF3-14C4-47BA-96BD-72CA6958869D}.Release|Any CPU.ActiveCfg = Release|Any CPU
		{3E1EABF3-14C4-47BA-96BD-72CA6958869D}.Release|Any CPU.Build.0 = Release|Any CPU
		{9D999B7B-614C-4898-93CD-B4D544B187C4}.Debug|Any CPU.ActiveCfg = Debug|Any CPU
		{9D999B7B-614C-4898-93CD-B4D544B187C4}.Debug|Any CPU.Build.0 = Debug|Any CPU
		{9D999B7B-614C-4898-93CD-B4D544B187C4}.Release|Any CPU.ActiveCfg = Release|Any CPU
		{9D999B7B-614C-4898-93CD-B4D544B187C4}.Release|Any CPU.Build.0 = Release|Any CPU
		{17E7F48B-9545-4291-BD45-52D6C47DDDD9}.Debug|Any CPU.ActiveCfg = Debug|Any CPU
		{17E7F48B-9545-4291-BD45-52D6C47DDDD9}.Debug|Any CPU.Build.0 = Debug|Any CPU
		{17E7F48B-9545-4291-BD45-52D6C47DDDD9}.Release|Any CPU.ActiveCfg = Release|Any CPU
		{17E7F48B-9545-4291-BD45-52D6C47DDDD9}.Release|Any CPU.Build.0 = Release|Any CPU
		{35CDC179-7383-44F8-AAF7-FC259ACC48BB}.Debug|Any CPU.ActiveCfg = Debug|Any CPU
		{35CDC179-7383-44F8-AAF7-FC259ACC48BB}.Debug|Any CPU.Build.0 = Debug|Any CPU
		{35CDC179-7383-44F8-AAF7-FC259ACC48BB}.Release|Any CPU.ActiveCfg = Release|Any CPU
		{35CDC179-7383-44F8-AAF7-FC259ACC48BB}.Release|Any CPU.Build.0 = Release|Any CPU
		{8C7695ED-2B29-4618-A186-36A8F8CC90A9}.Debug|Any CPU.ActiveCfg = Debug|Any CPU
		{8C7695ED-2B29-4618-A186-36A8F8CC90A9}.Debug|Any CPU.Build.0 = Debug|Any CPU
		{8C7695ED-2B29-4618-A186-36A8F8CC90A9}.Release|Any CPU.ActiveCfg = Release|Any CPU
		{8C7695ED-2B29-4618-A186-36A8F8CC90A9}.Release|Any CPU.Build.0 = Release|Any CPU
		{E7FFA5BA-099D-474A-AE25-DB4F96F7437C}.Debug|Any CPU.ActiveCfg = Debug|Any CPU
		{E7FFA5BA-099D-474A-AE25-DB4F96F7437C}.Debug|Any CPU.Build.0 = Debug|Any CPU
		{E7FFA5BA-099D-474A-AE25-DB4F96F7437C}.Release|Any CPU.ActiveCfg = Release|Any CPU
		{E7FFA5BA-099D-474A-AE25-DB4F96F7437C}.Release|Any CPU.Build.0 = Release|Any CPU
		{7A0040D2-0ED7-40AA-A458-F5A9F01BFCD5}.Debug|Any CPU.ActiveCfg = Debug|Any CPU
		{7A0040D2-0ED7-40AA-A458-F5A9F01BFCD5}.Debug|Any CPU.Build.0 = Debug|Any CPU
		{7A0040D2-0ED7-40AA-A458-F5A9F01BFCD5}.Release|Any CPU.ActiveCfg = Release|Any CPU
		{7A0040D2-0ED7-40AA-A458-F5A9F01BFCD5}.Release|Any CPU.Build.0 = Release|Any CPU
		{9715534E-F952-4696-A097-A3DED0666E3F}.Debug|Any CPU.ActiveCfg = Debug|Any CPU
		{9715534E-F952-4696-A097-A3DED0666E3F}.Debug|Any CPU.Build.0 = Debug|Any CPU
		{9715534E-F952-4696-A097-A3DED0666E3F}.Release|Any CPU.ActiveCfg = Release|Any CPU
		{9715534E-F952-4696-A097-A3DED0666E3F}.Release|Any CPU.Build.0 = Release|Any CPU
		{7467F17F-A835-4AFD-B779-F32BD90C2625}.Debug|Any CPU.ActiveCfg = Debug|Any CPU
		{7467F17F-A835-4AFD-B779-F32BD90C2625}.Debug|Any CPU.Build.0 = Debug|Any CPU
		{7467F17F-A835-4AFD-B779-F32BD90C2625}.Release|Any CPU.ActiveCfg = Release|Any CPU
		{7467F17F-A835-4AFD-B779-F32BD90C2625}.Release|Any CPU.Build.0 = Release|Any CPU
	EndGlobalSection
	GlobalSection(SolutionProperties) = preSolution
		HideSolutionNode = FALSE
	EndGlobalSection
	GlobalSection(NestedProjects) = preSolution
		{416DF579-6917-4C8F-913E-EFF397A3A726} = {F5F11F82-F034-4F71-B955-BD7C555E8DAE}
		{36DF8D48-999B-42F8-9D9F-B085C748E8E5} = {F44F3737-C3A4-4E51-A055-251AC6DA94A8}
		{88867AE7-3805-42A8-A231-0127EB16DFE7} = {FBAA012C-0B2C-4305-9196-47A1B26598B0}
		{20AD7648-AEE9-4FE1-BC0C-A5BCE6757C9C} = {A09E93BD-BD45-4CA3-BB5C-7B45CF51AEB9}
		{28A3F62C-62E7-4E48-8E81-AD7F312FE1FC} = {FBAA012C-0B2C-4305-9196-47A1B26598B0}
		{E9C3DF5D-F1D9-48A2-8074-9C8BCE1741AA} = {83825A92-E011-4E9F-B056-FA9D4664F138}
		{68AB5CB3-F645-4537-948A-A5DFB6F9EB41} = {83825A92-E011-4E9F-B056-FA9D4664F138}
		{3E1EABF3-14C4-47BA-96BD-72CA6958869D} = {83825A92-E011-4E9F-B056-FA9D4664F138}
		{9D999B7B-614C-4898-93CD-B4D544B187C4} = {181856E9-D72C-49FC-9A6F-80FB65064AE2}
		{17E7F48B-9545-4291-BD45-52D6C47DDDD9} = {181856E9-D72C-49FC-9A6F-80FB65064AE2}
		{35CDC179-7383-44F8-AAF7-FC259ACC48BB} = {FBAA012C-0B2C-4305-9196-47A1B26598B0}
		{8C7695ED-2B29-4618-A186-36A8F8CC90A9} = {4CEDAA3B-D3AE-4FEA-9786-991417DF91F3}
		{E7FFA5BA-099D-474A-AE25-DB4F96F7437C} = {F3DDC749-4B99-4F3E-8565-D7E84F9C7C0C}
		{FBAA012C-0B2C-4305-9196-47A1B26598B0} = {B992874F-8A71-46A8-AA41-40FB3E65F1A3}
		{4CEDAA3B-D3AE-4FEA-9786-991417DF91F3} = {B992874F-8A71-46A8-AA41-40FB3E65F1A3}
		{F3DDC749-4B99-4F3E-8565-D7E84F9C7C0C} = {B992874F-8A71-46A8-AA41-40FB3E65F1A3}
		{7A0040D2-0ED7-40AA-A458-F5A9F01BFCD5} = {4CEDAA3B-D3AE-4FEA-9786-991417DF91F3}
		{9715534E-F952-4696-A097-A3DED0666E3F} = {4CEDAA3B-D3AE-4FEA-9786-991417DF91F3}
		{7467F17F-A835-4AFD-B779-F32BD90C2625} = {C01A446E-C44B-4A16-B6D0-8020C187645B}
	EndGlobalSection
	GlobalSection(ExtensibilityGlobals) = postSolution
		SolutionGuid = {510A31DA-0385-4D61-A1FD-7E4C83A64785}
	EndGlobalSection
EndGlobal
